
Microsoft Visual Studio Solution File, Format Version 12.00
# Visual Studio Version 17
VisualStudioVersion = 17.11.35327.3
MinimumVisualStudioVersion = 10.0.40219.1
Project("{9A19103F-16F7-4668-BE54-9A1E7A4F7556}") = "WebApi", "WebApi\WebApi.csproj", "{FF959B68-79C6-4288-93ED-9F100644B674}"
EndProject
Project("{2150E333-8FDC-42A3-9474-1A3956D46DE8}") = "Core", "Core", "{612D7235-E255-4F1F-8DB5-4BD1251F4339}"
EndProject
Project("{2150E333-8FDC-42A3-9474-1A3956D46DE8}") = "Infrastructure", "Infrastructure", "{4E86454A-C9BB-4670-81E5-0BC3919C39DD}"
EndProject
Project("{2150E333-8FDC-42A3-9474-1A3956D46DE8}") = "Application", "Application", "{FFAF0FA7-5CEA-428A-8BC2-EFBF41CC5C78}"
EndProject
Project("{9A19103F-16F7-4668-BE54-9A1E7A4F7556}") = "Domain", "Domain\Domain.csproj", "{E91D5512-E8C4-41D7-9D9A-97E36D2D8DC4}"
EndProject
Project("{9A19103F-16F7-4668-BE54-9A1E7A4F7556}") = "DAL", "DAL\DAL.csproj", "{B3011491-3C0C-4151-BF48-15AFC374FE94}"
EndProject
Project("{9A19103F-16F7-4668-BE54-9A1E7A4F7556}") = "AuthService", "AuthService\AuthService.csproj", "{80A6A8BD-9533-4DC8-A12F-F0192A2D0471}"
EndProject
Project("{9A19103F-16F7-4668-BE54-9A1E7A4F7556}") = "JwtProvider", "JwtProvider\JwtProvider.csproj", "{58C5F0A6-C2ED-470B-A5E8-D9AD9457A795}"
EndProject
Project("{9A19103F-16F7-4668-BE54-9A1E7A4F7556}") = "MyEntitiesService", "MyEntitiesService\MyEntitiesService.csproj", "{5A3E28F3-967E-46F0-9B93-ED8CEB5B8D5A}"
EndProject
Project("{9A19103F-16F7-4668-BE54-9A1E7A4F7556}") = "AdminService", "AdminService\AdminService.csproj", "{B8BFA705-5BBA-40C5-91F1-1CB627703405}"
EndProject
Project("{FAE04EC0-301F-11D3-BF4B-00C04F79EFBC}") = "CustomExceptions", "CustomExceptions\CustomExceptions.csproj", "{E1028DD8-1985-4718-8AA0-5AB14A49EE1B}"
EndProject
Global
	GlobalSection(SolutionConfigurationPlatforms) = preSolution
		Debug|Any CPU = Debug|Any CPU
		Release|Any CPU = Release|Any CPU
	EndGlobalSection
	GlobalSection(ProjectConfigurationPlatforms) = postSolution
		{FF959B68-79C6-4288-93ED-9F100644B674}.Debug|Any CPU.ActiveCfg = Debug|Any CPU
		{FF959B68-79C6-4288-93ED-9F100644B674}.Debug|Any CPU.Build.0 = Debug|Any CPU
		{FF959B68-79C6-4288-93ED-9F100644B674}.Release|Any CPU.ActiveCfg = Release|Any CPU
		{FF959B68-79C6-4288-93ED-9F100644B674}.Release|Any CPU.Build.0 = Release|Any CPU
		{E91D5512-E8C4-41D7-9D9A-97E36D2D8DC4}.Debug|Any CPU.ActiveCfg = Debug|Any CPU
		{E91D5512-E8C4-41D7-9D9A-97E36D2D8DC4}.Debug|Any CPU.Build.0 = Debug|Any CPU
		{E91D5512-E8C4-41D7-9D9A-97E36D2D8DC4}.Release|Any CPU.ActiveCfg = Release|Any CPU
		{E91D5512-E8C4-41D7-9D9A-97E36D2D8DC4}.Release|Any CPU.Build.0 = Release|Any CPU
		{B3011491-3C0C-4151-BF48-15AFC374FE94}.Debug|Any CPU.ActiveCfg = Debug|Any CPU
		{B3011491-3C0C-4151-BF48-15AFC374FE94}.Debug|Any CPU.Build.0 = Debug|Any CPU
		{B3011491-3C0C-4151-BF48-15AFC374FE94}.Release|Any CPU.ActiveCfg = Release|Any CPU
		{B3011491-3C0C-4151-BF48-15AFC374FE94}.Release|Any CPU.Build.0 = Release|Any CPU
		{80A6A8BD-9533-4DC8-A12F-F0192A2D0471}.Debug|Any CPU.ActiveCfg = Debug|Any CPU
		{80A6A8BD-9533-4DC8-A12F-F0192A2D0471}.Debug|Any CPU.Build.0 = Debug|Any CPU
		{80A6A8BD-9533-4DC8-A12F-F0192A2D0471}.Release|Any CPU.ActiveCfg = Release|Any CPU
		{80A6A8BD-9533-4DC8-A12F-F0192A2D0471}.Release|Any CPU.Build.0 = Release|Any CPU
		{58C5F0A6-C2ED-470B-A5E8-D9AD9457A795}.Debug|Any CPU.ActiveCfg = Debug|Any CPU
		{58C5F0A6-C2ED-470B-A5E8-D9AD9457A795}.Debug|Any CPU.Build.0 = Debug|Any CPU
		{58C5F0A6-C2ED-470B-A5E8-D9AD9457A795}.Release|Any CPU.ActiveCfg = Release|Any CPU
		{58C5F0A6-C2ED-470B-A5E8-D9AD9457A795}.Release|Any CPU.Build.0 = Release|Any CPU
		{5A3E28F3-967E-46F0-9B93-ED8CEB5B8D5A}.Debug|Any CPU.ActiveCfg = Debug|Any CPU
		{5A3E28F3-967E-46F0-9B93-ED8CEB5B8D5A}.Debug|Any CPU.Build.0 = Debug|Any CPU
		{5A3E28F3-967E-46F0-9B93-ED8CEB5B8D5A}.Release|Any CPU.ActiveCfg = Release|Any CPU
		{5A3E28F3-967E-46F0-9B93-ED8CEB5B8D5A}.Release|Any CPU.Build.0 = Release|Any CPU
		{B8BFA705-5BBA-40C5-91F1-1CB627703405}.Debug|Any CPU.ActiveCfg = Debug|Any CPU
		{B8BFA705-5BBA-40C5-91F1-1CB627703405}.Debug|Any CPU.Build.0 = Debug|Any CPU
		{B8BFA705-5BBA-40C5-91F1-1CB627703405}.Release|Any CPU.ActiveCfg = Release|Any CPU
		{B8BFA705-5BBA-40C5-91F1-1CB627703405}.Release|Any CPU.Build.0 = Release|Any CPU
		{E1028DD8-1985-4718-8AA0-5AB14A49EE1B}.Debug|Any CPU.ActiveCfg = Debug|Any CPU
		{E1028DD8-1985-4718-8AA0-5AB14A49EE1B}.Debug|Any CPU.Build.0 = Debug|Any CPU
		{E1028DD8-1985-4718-8AA0-5AB14A49EE1B}.Release|Any CPU.ActiveCfg = Release|Any CPU
		{E1028DD8-1985-4718-8AA0-5AB14A49EE1B}.Release|Any CPU.Build.0 = Release|Any CPU
	EndGlobalSection
	GlobalSection(SolutionProperties) = preSolution
		HideSolutionNode = FALSE
	EndGlobalSection
	GlobalSection(NestedProjects) = preSolution
		{E91D5512-E8C4-41D7-9D9A-97E36D2D8DC4} = {612D7235-E255-4F1F-8DB5-4BD1251F4339}
		{B3011491-3C0C-4151-BF48-15AFC374FE94} = {4E86454A-C9BB-4670-81E5-0BC3919C39DD}
		{80A6A8BD-9533-4DC8-A12F-F0192A2D0471} = {FFAF0FA7-5CEA-428A-8BC2-EFBF41CC5C78}
		{58C5F0A6-C2ED-470B-A5E8-D9AD9457A795} = {4E86454A-C9BB-4670-81E5-0BC3919C39DD}
		{5A3E28F3-967E-46F0-9B93-ED8CEB5B8D5A} = {FFAF0FA7-5CEA-428A-8BC2-EFBF41CC5C78}
		{B8BFA705-5BBA-40C5-91F1-1CB627703405} = {FFAF0FA7-5CEA-428A-8BC2-EFBF41CC5C78}
		{E1028DD8-1985-4718-8AA0-5AB14A49EE1B} = {4E86454A-C9BB-4670-81E5-0BC3919C39DD}
	EndGlobalSection
	GlobalSection(ExtensibilityGlobals) = postSolution
		SolutionGuid = {9F13BE27-3633-4B90-9E28-24B0DFC6E967}
	EndGlobalSection
EndGlobal
